
Microsoft Visual Studio Solution File, Format Version 12.00
# Visual Studio Version 17
VisualStudioVersion = 17.8.34408.163
MinimumVisualStudioVersion = 10.0.40219.1
Project("{FAE04EC0-301F-11D3-BF4B-00C04F79EFBC}") = "BankApp", "BankApp.csproj", "{0FE3A59D-5360-481B-A837-E09430CAFB42}"
EndProject
Global
	GlobalSection(SolutionConfigurationPlatforms) = preSolution
		Debug|Any CPU = Debug|Any CPU
		Release|Any CPU = Release|Any CPU
	EndGlobalSection
	GlobalSection(ProjectConfigurationPlatforms) = postSolution
		{0FE3A59D-5360-481B-A837-E09430CAFB42}.Debug|Any CPU.ActiveCfg = Debug|Any CPU
		{0FE3A59D-5360-481B-A837-E09430CAFB42}.Debug|Any CPU.Build.0 = Debug|Any CPU
		{0FE3A59D-5360-481B-A837-E09430CAFB42}.Release|Any CPU.ActiveCfg = Release|Any CPU
		{0FE3A59D-5360-481B-A837-E09430CAFB42}.Release|Any CPU.Build.0 = Release|Any CPU
	EndGlobalSection
	GlobalSection(SolutionProperties) = preSolution
		HideSolutionNode = FALSE
	EndGlobalSection
	GlobalSection(ExtensibilityGlobals) = postSolution
		SolutionGuid = {F3CCEFBD-0C36-434C-A813-8D897776674B}
	EndGlobalSection
EndGlobal
